# THIS IS AN AUTOGENERATED FILE. DO NOT EDIT THIS FILE DIRECTLY.
# yarn lockfile v1


lodash@4.17.21:
  version "4.17.21"
  resolved "https://registry.yarnpkg.com/lodash/-/lodash-4.17.21.tgz#679591c564c3bffaae8454cf0b3df370c3d6911c"
  integrity sha512-v2kDEe57lecTulaDIuNTPy3Ry4gLGJ6Z1O3vE1krgXZNrsQ+LFTGHVxVjcXPs17LhbZVGedAJv8XZ1tvj5FvSg==

nodemailer@6.6.1:
  version "6.6.1"
  resolved "https://registry.yarnpkg.com/nodemailer/-/nodemailer-6.6.1.tgz#2a05fbf205b897d71bf43884167b5d4d3bd01b99"
  integrity sha512-1xzFN3gqv+/qJ6YRyxBxfTYstLNt0FCtZaFRvf4Sg9wxNGWbwFmGXVpfSi6ThGK6aRxAo+KjHtYSW8NvCsNSAg==

strapi-provider-email-nodemailer@^3.6.6:
  version "3.6.6"
  resolved "https://registry.yarnpkg.com/strapi-provider-email-nodemailer/-/strapi-provider-email-nodemailer-3.6.6.tgz#92a8e21f4021ac1f34c26e9365213e8d376d0dff"
  integrity sha512-CHNE02tPN6xb2SJimceDSgRL4YFavw6bnqALZ3dYkDd1LwsdB4eX5nYi0gvkbPaKkyux/AIM2TkIjVRG5U+hhQ==
  dependencies:
    lodash "4.17.21"
    nodemailer "6.6.1"
